{
  "name": "exchange-potocol",
  "version": "2.0.0",
  "lockfileVersion": 3,
  "requires": true,
  "packages": {
    "": {
      "name": "exchange-potocol",
      "version": "2.0.0",
      "license": "GPL-3.0/MIT",
      "devDependencies": {
        "@uniswap/lib": "4.0.1-alpha"
      }
    },
    "node_modules/@uniswap/lib": {
      "version": "4.0.1-alpha",
      "resolved": "https://registry.npmjs.org/@uniswap/lib/-/lib-4.0.1-alpha.tgz",
      "integrity": "sha512-f6UIliwBbRsgVLxIaBANF6w09tYqc6Y/qXdsrbEmXHyFA7ILiKrIwRFXe1yOg8M3cksgVsO9N7yuL2DdCGQKBA==",
      "dev": true,
      "engines": {
        "node": ">=10"
      }
    }
  }
}
